// !$*UTF8*$!
{
	archiveVersion = 1;
	classes = {
	};
	objectVersion = 46;
	objects = {

/* Begin PBXBuildFile section */
		2A7507071974847F00421F5C /* AppDelegate.swift in Sources */ = {isa = PBXBuildFile; fileRef = 2A7507061974847F00421F5C /* AppDelegate.swift */; };
		2A7507091974847F00421F5C /* ViewController.swift in Sources */ = {isa = PBXBuildFile; fileRef = 2A7507081974847F00421F5C /* ViewController.swift */; };
		2A75070C1974847F00421F5C /* Main.storyboard in Resources */ = {isa = PBXBuildFile; fileRef = 2A75070A1974847F00421F5C /* Main.storyboard */; };
		2A75070E1974847F00421F5C /* Images.xcassets in Resources */ = {isa = PBXBuildFile; fileRef = 2A75070D1974847F00421F5C /* Images.xcassets */; };
		2A75071A1974847F00421F5C /* Swift_Kickstarter_PulldownTests.swift in Sources */ = {isa = PBXBuildFile; fileRef = 2A7507191974847F00421F5C /* Swift_Kickstarter_PulldownTests.swift */; };
/* End PBXBuildFile section */

/* Begin PBXContainerItemProxy section */
		2A7507141974847F00421F5C /* PBXContainerItemProxy */ = {
			isa = PBXContainerItemProxy;
			containerPortal = 2A7506F91974847F00421F5C /* Project object */;
			proxyType = 1;
			remoteGlobalIDString = 2A7507001974847F00421F5C;
			remoteInfo = "Swift Kickstarter Pulldown";
		};
/* End PBXContainerItemProxy section */

/* Begin PBXFileReference section */
		2A7507011974847F00421F5C /* Swift Kickstarter Pulldown.app */ = {isa = PBXFileReference; explicitFileType = wrapper.application; includeInIndex = 0; path = "Swift Kickstarter Pulldown.app"; sourceTree = BUILT_PRODUCTS_DIR; };
		2A7507051974847F00421F5C /* Info.plist */ = {isa = PBXFileReference; lastKnownFileType = text.plist.xml; path = Info.plist; sourceTree = "<group>"; };
		2A7507061974847F00421F5C /* AppDelegate.swift */ = {isa = PBXFileReference; lastKnownFileType = sourcecode.swift; path = AppDelegate.swift; sourceTree = "<group>"; };
		2A7507081974847F00421F5C /* ViewController.swift */ = {isa = PBXFileReference; lastKnownFileType = sourcecode.swift; path = ViewController.swift; sourceTree = "<group>"; };
		2A75070B1974847F00421F5C /* Base */ = {isa = PBXFileReference; lastKnownFileType = file.storyboard; name = Base; path = Base.lproj/Main.storyboard; sourceTree = "<group>"; };
		2A75070D1974847F00421F5C /* Images.xcassets */ = {isa = PBXFileReference; lastKnownFileType = folder.assetcatalog; path = Images.xcassets; sourceTree = "<group>"; };
		2A7507131974847F00421F5C /* Swift Kickstarter PulldownTests.xctest */ = {isa = PBXFileReference; explicitFileType = wrapper.cfbundle; includeInIndex = 0; path = "Swift Kickstarter PulldownTests.xctest"; sourceTree = BUILT_PRODUCTS_DIR; };
		2A7507181974847F00421F5C /* Info.plist */ = {isa = PBXFileReference; lastKnownFileType = text.plist.xml; path = Info.plist; sourceTree = "<group>"; };
		2A7507191974847F00421F5C /* Swift_Kickstarter_PulldownTests.swift */ = {isa = PBXFileReference; lastKnownFileType = sourcecode.swift; path = Swift_Kickstarter_PulldownTests.swift; sourceTree = "<group>"; };
/* End PBXFileReference section */

/* Begin PBXFrameworksBuildPhase section */
		2A7506FE1974847F00421F5C /* Frameworks */ = {
			isa = PBXFrameworksBuildPhase;
			buildActionMask = 2147483647;
			files = (
			);
			runOnlyForDeploymentPostprocessing = 0;
		};
		2A7507101974847F00421F5C /* Frameworks */ = {
			isa = PBXFrameworksBuildPhase;
			buildActionMask = 2147483647;
			files = (
			);
			runOnlyForDeploymentPostprocessing = 0;
		};
/* End PBXFrameworksBuildPhase section */

/* Begin PBXGroup section */
		2A7506F81974847F00421F5C = {
			isa = PBXGroup;
			children = (
				2A7507031974847F00421F5C /* Swift Kickstarter Pulldown */,
				2A7507161974847F00421F5C /* Swift Kickstarter PulldownTests */,
				2A7507021974847F00421F5C /* Products */,
			);
			sourceTree = "<group>";
		};
		2A7507021974847F00421F5C /* Products */ = {
			isa = PBXGroup;
			children = (
				2A7507011974847F00421F5C /* Swift Kickstarter Pulldown.app */,
				2A7507131974847F00421F5C /* Swift Kickstarter PulldownTests.xctest */,
			);
			name = Products;
			sourceTree = "<group>";
		};
		2A7507031974847F00421F5C /* Swift Kickstarter Pulldown */ = {
			isa = PBXGroup;
			children = (
				2A7507061974847F00421F5C /* AppDelegate.swift */,
				2A7507081974847F00421F5C /* ViewController.swift */,
				2A75070A1974847F00421F5C /* Main.storyboard */,
				2A75070D1974847F00421F5C /* Images.xcassets */,
				2A7507041974847F00421F5C /* Supporting Files */,
			);
			path = "Swift Kickstarter Pulldown";
			sourceTree = "<group>";
		};
		2A7507041974847F00421F5C /* Supporting Files */ = {
			isa = PBXGroup;
			children = (
				2A7507051974847F00421F5C /* Info.plist */,
			);
			name = "Supporting Files";
			sourceTree = "<group>";
		};
		2A7507161974847F00421F5C /* Swift Kickstarter PulldownTests */ = {
			isa = PBXGroup;
			children = (
				2A7507191974847F00421F5C /* Swift_Kickstarter_PulldownTests.swift */,
				2A7507171974847F00421F5C /* Supporting Files */,
			);
			path = "Swift Kickstarter PulldownTests";
			sourceTree = "<group>";
		};
		2A7507171974847F00421F5C /* Supporting Files */ = {
			isa = PBXGroup;
			children = (
				2A7507181974847F00421F5C /* Info.plist */,
			);
			name = "Supporting Files";
			sourceTree = "<group>";
		};
/* End PBXGroup section */

/* Begin PBXNativeTarget section */
		2A7507001974847F00421F5C /* Swift Kickstarter Pulldown */ = {
			isa = PBXNativeTarget;
			buildConfigurationList = 2A75071D1974847F00421F5C /* Build configuration list for PBXNativeTarget "Swift Kickstarter Pulldown" */;
			buildPhases = (
				2A7506FD1974847F00421F5C /* Sources */,
				2A7506FE1974847F00421F5C /* Frameworks */,
				2A7506FF1974847F00421F5C /* Resources */,
			);
			buildRules = (
			);
			dependencies = (
			);
			name = "Swift Kickstarter Pulldown";
			productName = "Swift Kickstarter Pulldown";
			productReference = 2A7507011974847F00421F5C /* Swift Kickstarter Pulldown.app */;
			productType = "com.apple.product-type.application";
		};
		2A7507121974847F00421F5C /* Swift Kickstarter PulldownTests */ = {
			isa = PBXNativeTarget;
			buildConfigurationList = 2A7507201974847F00421F5C /* Build configuration list for PBXNativeTarget "Swift Kickstarter PulldownTests" */;
			buildPhases = (
				2A75070F1974847F00421F5C /* Sources */,
				2A7507101974847F00421F5C /* Frameworks */,
				2A7507111974847F00421F5C /* Resources */,
			);
			buildRules = (
			);
			dependencies = (
				2A7507151974847F00421F5C /* PBXTargetDependency */,
			);
			name = "Swift Kickstarter PulldownTests";
			productName = "Swift Kickstarter PulldownTests";
			productReference = 2A7507131974847F00421F5C /* Swift Kickstarter PulldownTests.xctest */;
			productType = "com.apple.product-type.bundle.unit-test";
		};
/* End PBXNativeTarget section */

/* Begin PBXProject section */
		2A7506F91974847F00421F5C /* Project object */ = {
			isa = PBXProject;
			attributes = {
				LastUpgradeCheck = 0600;
				ORGANIZATIONNAME = "Bill Richards";
				TargetAttributes = {
					2A7507001974847F00421F5C = {
						CreatedOnToolsVersion = 6.0;
					};
					2A7507121974847F00421F5C = {
						CreatedOnToolsVersion = 6.0;
						TestTargetID = 2A7507001974847F00421F5C;
					};
				};
			};
			buildConfigurationList = 2A7506FC1974847F00421F5C /* Build configuration list for PBXProject "Swift Kickstarter Pulldown" */;
			compatibilityVersion = "Xcode 3.2";
			developmentRegion = English;
			hasScannedForEncodings = 0;
			knownRegions = (
				en,
				Base,
			);
			mainGroup = 2A7506F81974847F00421F5C;
			productRefGroup = 2A7507021974847F00421F5C /* Products */;
			projectDirPath = "";
			projectRoot = "";
			targets = (
				2A7507001974847F00421F5C /* Swift Kickstarter Pulldown */,
				2A7507121974847F00421F5C /* Swift Kickstarter PulldownTests */,
			);
		};
/* End PBXProject section */

/* Begin PBXResourcesBuildPhase section */
		2A7506FF1974847F00421F5C /* Resources */ = {
			isa = PBXResourcesBuildPhase;
			buildActionMask = 2147483647;
			files = (
				2A75070C1974847F00421F5C /* Main.storyboard in Resources */,
				2A75070E1974847F00421F5C /* Images.xcassets in Resources */,
			);
			runOnlyForDeploymentPostprocessing = 0;
		};
		2A7507111974847F00421F5C /* Resources */ = {
			isa = PBXResourcesBuildPhase;
			buildActionMask = 2147483647;
			files = (
			);
			runOnlyForDeploymentPostprocessing = 0;
		};
/* End PBXResourcesBuildPhase section */

/* Begin PBXSourcesBuildPhase section */
		2A7506FD1974847F00421F5C /* Sources */ = {
			isa = PBXSourcesBuildPhase;
			buildActionMask = 2147483647;
			files = (
				2A7507091974847F00421F5C /* ViewController.swift in Sources */,
				2A7507071974847F00421F5C /* AppDelegate.swift in Sources */,
			);
			runOnlyForDeploymentPostprocessing = 0;
		};
		2A75070F1974847F00421F5C /* Sources */ = {
			isa = PBXSourcesBuildPhase;
			buildActionMask = 2147483647;
			files = (
				2A75071A1974847F00421F5C /* Swift_Kickstarter_PulldownTests.swift in Sources */,
			);
			runOnlyForDeploymentPostprocessing = 0;
		};
/* End PBXSourcesBuildPhase section */

/* Begin PBXTargetDependency section */
		2A7507151974847F00421F5C /* PBXTargetDependency */ = {
			isa = PBXTargetDependency;
			target = 2A7507001974847F00421F5C /* Swift Kickstarter Pulldown */;
			targetProxy = 2A7507141974847F00421F5C /* PBXContainerItemProxy */;
		};
/* End PBXTargetDependency section */

/* Begin PBXVariantGroup section */
		2A75070A1974847F00421F5C /* Main.storyboard */ = {
			isa = PBXVariantGroup;
			children = (
				2A75070B1974847F00421F5C /* Base */,
			);
			name = Main.storyboard;
			sourceTree = "<group>";
		};
/* End PBXVariantGroup section */

/* Begin XCBuildConfiguration section */
		2A75071B1974847F00421F5C /* Debug */ = {
			isa = XCBuildConfiguration;
			buildSettings = {
				ALWAYS_SEARCH_USER_PATHS = NO;
				CLANG_CXX_LANGUAGE_STANDARD = "gnu++0x";
				CLANG_CXX_LIBRARY = "libc++";
				CLANG_ENABLE_MODULES = YES;
				CLANG_ENABLE_OBJC_ARC = YES;
				CLANG_WARN_BOOL_CONVERSION = YES;
				CLANG_WARN_CONSTANT_CONVERSION = YES;
				CLANG_WARN_DIRECT_OBJC_ISA_USAGE = YES_ERROR;
				CLANG_WARN_EMPTY_BODY = YES;
				CLANG_WARN_ENUM_CONVERSION = YES;
				CLANG_WARN_INT_CONVERSION = YES;
				CLANG_WARN_OBJC_ROOT_CLASS = YES_ERROR;
				CLANG_WARN_UNREACHABLE_CODE = YES;
				CLANG_WARN__DUPLICATE_METHOD_MATCH = YES;
				"CODE_SIGN_IDENTITY[sdk=iphoneos*]" = "iPhone Developer";
				COPY_PHASE_STRIP = NO;
				ENABLE_STRICT_OBJC_MSGSEND = YES;
				GCC_C_LANGUAGE_STANDARD = gnu99;
				GCC_DYNAMIC_NO_PIC = NO;
				GCC_OPTIMIZATION_LEVEL = 0;
				GCC_PREPROCESSOR_DEFINITIONS = (
					"DEBUG=1",
					"$(inherited)",
				);
				GCC_SYMBOLS_PRIVATE_EXTERN = NO;
				GCC_WARN_64_TO_32_BIT_CONVERSION = YES;
				GCC_WARN_ABOUT_RETURN_TYPE = YES_ERROR;
				GCC_WARN_UNDECLARED_SELECTOR = YES;
				GCC_WARN_UNINITIALIZED_AUTOS = YES_AGGRESSIVE;
				GCC_WARN_UNUSED_FUNCTION = YES;
				GCC_WARN_UNUSED_VARIABLE = YES;
				IPHONEOS_DEPLOYMENT_TARGET = 8.0;
				MTL_ENABLE_DEBUG_INFO = YES;
				ONLY_ACTIVE_ARCH = YES;
				SDKROOT = iphoneos;
				SWIFT_OPTIMIZATION_LEVEL = "-Onone";
			};
			name = Debug;
		};
		2A75071C1974847F00421F5C /* Release */ = {
			isa = XCBuildConfiguration;
			buildSettings = {
				ALWAYS_SEARCH_USER_PATHS = NO;
				CLANG_CXX_LANGUAGE_STANDARD = "gnu++0x";
				CLANG_CXX_LIBRARY = "libc++";
				CLANG_ENABLE_MODULES = YES;
				CLANG_ENABLE_OBJC_ARC = YES;
				CLANG_WARN_BOOL_CONVERSION = YES;
				CLANG_WARN_CONSTANT_CONVERSION = YES;
				CLANG_WARN_DIRECT_OBJC_ISA_USAGE = YES_ERROR;
				CLANG_WARN_EMPTY_BODY = YES;
				CLANG_WARN_ENUM_CONVERSION = YES;
				CLANG_WARN_INT_CONVERSION = YES;
				CLANG_WARN_OBJC_ROOT_CLASS = YES_ERROR;
				CLANG_WARN_UNREACHABLE_CODE = YES;
				CLANG_WARN__DUPLICATE_METHOD_MATCH = YES;
				"CODE_SIGN_IDENTITY[sdk=iphoneos*]" = "iPhone Developer";
				COPY_PHASE_STRIP = YES;
				ENABLE_NS_ASSERTIONS = NO;
				ENABLE_STRICT_OBJC_MSGSEND = YES;
				GCC_C_LANGUAGE_STANDARD = gnu99;
				GCC_WARN_64_TO_32_BIT_CONVERSION = YES;
				GCC_WARN_ABOUT_RETURN_TYPE = YES_ERROR;
				GCC_WARN_UNDECLARED_SELECTOR = YES;
				GCC_WARN_UNINITIALIZED_AUTOS = YES_AGGRESSIVE;
				GCC_WARN_UNUSED_FUNCTION = YES;
				GCC_WARN_UNUSED_VARIABLE = YES;
				IPHONEOS_DEPLOYMENT_TARGET = 8.0;
				MTL_ENABLE_DEBUG_INFO = NO;
				SDKROOT = iphoneos;
				VALIDATE_PRODUCT = YES;
			};
			name = Release;
		};
		2A75071E1974847F00421F5C /* Debug */ = {
			isa = XCBuildConfiguration;
			buildSettings = {
				ASSETCATALOG_COMPILER_APPICON_NAME = AppIcon;
				ASSETCATALOG_COMPILER_LAUNCHIMAGE_NAME = LaunchImage;
				INFOPLIST_FILE = "Swift Kickstarter Pulldown/Info.plist";
				LD_RUNPATH_SEARCH_PATHS = "$(inherited) @executable_path/Frameworks";
				PRODUCT_NAME = "$(TARGET_NAME)";
			};
			name = Debug;
		};
		2A75071F1974847F00421F5C /* Release */ = {
			isa = XCBuildConfiguration;
			buildSettings = {
				ASSETCATALOG_COMPILER_APPICON_NAME = AppIcon;
				ASSETCATALOG_COMPILER_LAUNCHIMAGE_NAME = LaunchImage;
				INFOPLIST_FILE = "Swift Kickstarter Pulldown/Info.plist";
				LD_RUNPATH_SEARCH_PATHS = "$(inherited) @executable_path/Frameworks";
				PRODUCT_NAME = "$(TARGET_NAME)";
			};
			name = Release;
		};
		2A7507211974847F00421F5C /* Debug */ = {
			isa = XCBuildConfiguration;
			buildSettings = {
				BUNDLE_LOADER = "$(BUILT_PRODUCTS_DIR)/Swift Kickstarter Pulldown.app/Swift Kickstarter Pulldown";
				FRAMEWORK_SEARCH_PATHS = (
					"$(SDKROOT)/Developer/Library/Frameworks",
					"$(inherited)",
				);
				GCC_PREPROCESSOR_DEFINITIONS = (
					"DEBUG=1",
					"$(inherited)",
				);
				INFOPLIST_FILE = "Swift Kickstarter PulldownTests/Info.plist";
				LD_RUNPATH_SEARCH_PATHS = "$(inherited) @executable_path/Frameworks @loader_path/Frameworks";
				PRODUCT_NAME = "$(TARGET_NAME)";
				TEST_HOST = "$(BUNDLE_LOADER)";
			};
			name = Debug;
		};
		2A7507221974847F00421F5C /* Release */ = {
			isa = XCBuildConfiguration;
			buildSettings = {
				BUNDLE_LOADER = "$(BUILT_PRODUCTS_DIR)/Swift Kickstarter Pulldown.app/Swift Kickstarter Pulldown";
				FRAMEWORK_SEARCH_PATHS = (
					"$(SDKROOT)/Developer/Library/Frameworks",
					"$(inherited)",
				);
				INFOPLIST_FILE = "Swift Kickstarter PulldownTests/Info.plist";
				LD_RUNPATH_SEARCH_PATHS = "$(inherited) @executable_path/Frameworks @loader_path/Frameworks";
				PRODUCT_NAME = "$(TARGET_NAME)";
				TEST_HOST = "$(BUNDLE_LOADER)";
			};
			name = Release;
		};
/* End XCBuildConfiguration section */

/* Begin XCConfigurationList section */
		2A7506FC1974847F00421F5C /* Build configuration list for PBXProject "Swift Kickstarter Pulldown" */ = {
			isa = XCConfigurationList;
			buildConfigurations = (
				2A75071B1974847F00421F5C /* Debug */,
				2A75071C1974847F00421F5C /* Release */,
			);
			defaultConfigurationIsVisible = 0;
			defaultConfigurationName = Release;
		};
		2A75071D1974847F00421F5C /* Build configuration list for PBXNativeTarget "Swift Kickstarter Pulldown" */ = {
			isa = XCConfigurationList;
			buildConfigurations = (
				2A75071E1974847F00421F5C /* Debug */,
				2A75071F1974847F00421F5C /* Release */,
			);
			defaultConfigurationIsVisible = 0;
		};
		2A7507201974847F00421F5C /* Build configuration list for PBXNativeTarget "Swift Kickstarter PulldownTests" */ = {
			isa = XCConfigurationList;
			buildConfigurations = (
				2A7507211974847F00421F5C /* Debug */,
				2A7507221974847F00421F5C /* Release */,
			);
			defaultConfigurationIsVisible = 0;
		};
/* End XCConfigurationList section */
	};
	rootObject = 2A7506F91974847F00421F5C /* Project object */;
}
